
Microsoft Visual Studio Solution File, Format Version 12.00
# Visual Studio Version 17
VisualStudioVersion = 17.6.33815.320
MinimumVisualStudioVersion = 10.0.40219.1
Project("{FAE04EC0-301F-11D3-BF4B-00C04F79EFBC}") = "ComplexMvvmDemo", "ComplexMvvmDemo\ComplexMvvmDemo.csproj", "{1C470E63-94B4-4E06-8ECB-D683D2E773DA}"
EndProject
Global
	GlobalSection(SolutionConfigurationPlatforms) = preSolution
		Debug|Any CPU = Debug|Any CPU
		Release|Any CPU = Release|Any CPU
	EndGlobalSection
	GlobalSection(ProjectConfigurationPlatforms) = postSolution
		{1C470E63-94B4-4E06-8ECB-D683D2E773DA}.Debug|Any CPU.ActiveCfg = Debug|Any CPU
		{1C470E63-94B4-4E06-8ECB-D683D2E773DA}.Debug|Any CPU.Build.0 = Debug|Any CPU
		{1C470E63-94B4-4E06-8ECB-D683D2E773DA}.Release|Any CPU.ActiveCfg = Release|Any CPU
		{1C470E63-94B4-4E06-8ECB-D683D2E773DA}.Release|Any CPU.Build.0 = Release|Any CPU
	EndGlobalSection
	GlobalSection(SolutionProperties) = preSolution
		HideSolutionNode = FALSE
	EndGlobalSection
	GlobalSection(ExtensibilityGlobals) = postSolution
		SolutionGuid = {5CC409A4-A9C1-471B-9DE2-D5FEFE596952}
	EndGlobalSection
EndGlobal
