
Microsoft Visual Studio Solution File, Format Version 12.00
# Visual Studio Version 17
VisualStudioVersion = 17.6.33815.320
MinimumVisualStudioVersion = 10.0.40219.1
Project("{FAE04EC0-301F-11D3-BF4B-00C04F79EFBC}") = "Wpf_learn1", "Wpf_learn1\Wpf_learn1.csproj", "{489115A5-D567-4226-AA0C-FECD49EE12E4}"
EndProject
Global
	GlobalSection(SolutionConfigurationPlatforms) = preSolution
		Debug|Any CPU = Debug|Any CPU
		Release|Any CPU = Release|Any CPU
	EndGlobalSection
	GlobalSection(ProjectConfigurationPlatforms) = postSolution
		{489115A5-D567-4226-AA0C-FECD49EE12E4}.Debug|Any CPU.ActiveCfg = Debug|Any CPU
		{489115A5-D567-4226-AA0C-FECD49EE12E4}.Debug|Any CPU.Build.0 = Debug|Any CPU
		{489115A5-D567-4226-AA0C-FECD49EE12E4}.Release|Any CPU.ActiveCfg = Release|Any CPU
		{489115A5-D567-4226-AA0C-FECD49EE12E4}.Release|Any CPU.Build.0 = Release|Any CPU
	EndGlobalSection
	GlobalSection(SolutionProperties) = preSolution
		HideSolutionNode = FALSE
	EndGlobalSection
	GlobalSection(ExtensibilityGlobals) = postSolution
		SolutionGuid = {364CA049-6C28-4862-AA3C-3E2CD9DAED3C}
	EndGlobalSection
EndGlobal
